
Microsoft Visual Studio Solution File, Format Version 12.00
# Visual Studio 15
VisualStudioVersion = 15.0.28307.757
MinimumVisualStudioVersion = 10.0.40219.1
Project("{9A19103F-16F7-4668-BE54-9A1E7A4F7556}") = "SPD.SiteWorkflowStarter", "SPD.SiteWorkflowStarter.csproj", "{A5D57EB2-4446-4636-AA84-6C74BCD7AF41}"
EndProject
Global
	GlobalSection(SolutionConfigurationPlatforms) = preSolution
		Debug|Any CPU = Debug|Any CPU
		Release|Any CPU = Release|Any CPU
	EndGlobalSection
	GlobalSection(ProjectConfigurationPlatforms) = postSolution
		{A5D57EB2-4446-4636-AA84-6C74BCD7AF41}.Debug|Any CPU.ActiveCfg = Debug|Any CPU
		{A5D57EB2-4446-4636-AA84-6C74BCD7AF41}.Debug|Any CPU.Build.0 = Debug|Any CPU
		{A5D57EB2-4446-4636-AA84-6C74BCD7AF41}.Release|Any CPU.ActiveCfg = Release|Any CPU
		{A5D57EB2-4446-4636-AA84-6C74BCD7AF41}.Release|Any CPU.Build.0 = Release|Any CPU
	EndGlobalSection
	GlobalSection(SolutionProperties) = preSolution
		HideSolutionNode = FALSE
	EndGlobalSection
	GlobalSection(ExtensibilityGlobals) = postSolution
		SolutionGuid = {0B75066E-11A4-486F-8852-9A3DD9BB494D}
	EndGlobalSection
EndGlobal
